
Microsoft Visual Studio Solution File, Format Version 12.00
Project("{2150E333-8FDC-42A3-9474-1A3956D46DE8}") = "src", "src", "{B5AA585A-4C8D-4958-9091-7989D526929C}"
EndProject
Project("{FAE04EC0-301F-11D3-BF4B-00C04F79EFBC}") = "TestSuiteExamples", "TestSuiteExamples\TestSuiteExamples.csproj", "{497A0B16-2B8E-41DF-885F-C5445BA66540}"
EndProject
Global
	GlobalSection(SolutionConfigurationPlatforms) = preSolution
		Debug|Any CPU = Debug|Any CPU
		Release|Any CPU = Release|Any CPU
	EndGlobalSection
	GlobalSection(ProjectConfigurationPlatforms) = postSolution
		{497A0B16-2B8E-41DF-885F-C5445BA66540}.Debug|Any CPU.ActiveCfg = Debug|Any CPU
		{497A0B16-2B8E-41DF-885F-C5445BA66540}.Debug|Any CPU.Build.0 = Debug|Any CPU
		{497A0B16-2B8E-41DF-885F-C5445BA66540}.Release|Any CPU.ActiveCfg = Release|Any CPU
		{497A0B16-2B8E-41DF-885F-C5445BA66540}.Release|Any CPU.Build.0 = Release|Any CPU
	EndGlobalSection
	GlobalSection(NestedProjects) = preSolution
		{497A0B16-2B8E-41DF-885F-C5445BA66540} = {B5AA585A-4C8D-4958-9091-7989D526929C}
	EndGlobalSection
EndGlobal
